// !$*UTF8*$!
{
	archiveVersion = 1;
	classes = {
	};
	objectVersion = 50;
	objects = {

/* Begin PBXBuildFile section */
		AE529D3B23C5A91600BF02F4 /* main.swift in Sources */ = {isa = PBXBuildFile; fileRef = AE529D3A23C5A91600BF02F4 /* main.swift */; };
		AE529D4823C5A95200BF02F4 /* functionTest.swift in Sources */ = {isa = PBXBuildFile; fileRef = AE529D4723C5A95200BF02F4 /* functionTest.swift */; };
		AE529D4D23C5A96400BF02F4 /* Info.plist in Resources */ = {isa = PBXBuildFile; fileRef = AE529D4923C5A95200BF02F4 /* Info.plist */; };
/* End PBXBuildFile section */

/* Begin PBXCopyFilesBuildPhase section */
		AE529D3523C5A91600BF02F4 /* CopyFiles */ = {
			isa = PBXCopyFilesBuildPhase;
			buildActionMask = 2147483647;
			dstPath = /usr/share/man/man1/;
			dstSubfolderSpec = 0;
			files = (
			);
			runOnlyForDeploymentPostprocessing = 1;
		};
/* End PBXCopyFilesBuildPhase section */

/* Begin PBXFileReference section */
		AE529D3723C5A91600BF02F4 /* FirstWeek */ = {isa = PBXFileReference; explicitFileType = "compiled.mach-o.executable"; includeInIndex = 0; path = FirstWeek; sourceTree = BUILT_PRODUCTS_DIR; };
		AE529D3A23C5A91600BF02F4 /* main.swift */ = {isa = PBXFileReference; lastKnownFileType = sourcecode.swift; path = main.swift; sourceTree = "<group>"; };
		AE529D4523C5A95200BF02F4 /* functionTest.xctest */ = {isa = PBXFileReference; explicitFileType = wrapper.cfbundle; includeInIndex = 0; path = functionTest.xctest; sourceTree = BUILT_PRODUCTS_DIR; };
		AE529D4723C5A95200BF02F4 /* functionTest.swift */ = {isa = PBXFileReference; lastKnownFileType = sourcecode.swift; path = functionTest.swift; sourceTree = "<group>"; };
		AE529D4923C5A95200BF02F4 /* Info.plist */ = {isa = PBXFileReference; lastKnownFileType = text.plist.xml; path = Info.plist; sourceTree = "<group>"; };
/* End PBXFileReference section */

/* Begin PBXFrameworksBuildPhase section */
		AE529D3423C5A91600BF02F4 /* Frameworks */ = {
			isa = PBXFrameworksBuildPhase;
			buildActionMask = 2147483647;
			files = (
			);
			runOnlyForDeploymentPostprocessing = 0;
		};
		AE529D4223C5A95200BF02F4 /* Frameworks */ = {
			isa = PBXFrameworksBuildPhase;
			buildActionMask = 2147483647;
			files = (
			);
			runOnlyForDeploymentPostprocessing = 0;
		};
/* End PBXFrameworksBuildPhase section */

/* Begin PBXGroup section */
		AE529D2E23C5A91600BF02F4 = {
			isa = PBXGroup;
			children = (
				AE529D3923C5A91600BF02F4 /* FirstWeek */,
				AE529D4623C5A95200BF02F4 /* functionTest */,
				AE529D3823C5A91600BF02F4 /* Products */,
			);
			sourceTree = "<group>";
		};
		AE529D3823C5A91600BF02F4 /* Products */ = {
			isa = PBXGroup;
			children = (
				AE529D3723C5A91600BF02F4 /* FirstWeek */,
				AE529D4523C5A95200BF02F4 /* functionTest.xctest */,
			);
			name = Products;
			sourceTree = "<group>";
		};
		AE529D3923C5A91600BF02F4 /* FirstWeek */ = {
			isa = PBXGroup;
			children = (
				AE529D3A23C5A91600BF02F4 /* main.swift */,
			);
			path = FirstWeek;
			sourceTree = "<group>";
		};
		AE529D4623C5A95200BF02F4 /* functionTest */ = {
			isa = PBXGroup;
			children = (
				AE529D4723C5A95200BF02F4 /* functionTest.swift */,
				AE529D4923C5A95200BF02F4 /* Info.plist */,
			);
			path = functionTest;
			sourceTree = "<group>";
		};
/* End PBXGroup section */

/* Begin PBXNativeTarget section */
		AE529D3623C5A91600BF02F4 /* FirstWeek */ = {
			isa = PBXNativeTarget;
			buildConfigurationList = AE529D3E23C5A91600BF02F4 /* Build configuration list for PBXNativeTarget "FirstWeek" */;
			buildPhases = (
				AE529D3323C5A91600BF02F4 /* Sources */,
				AE529D3423C5A91600BF02F4 /* Frameworks */,
				AE529D3523C5A91600BF02F4 /* CopyFiles */,
			);
			buildRules = (
			);
			dependencies = (
			);
			name = FirstWeek;
			productName = FirstWeek;
			productReference = AE529D3723C5A91600BF02F4 /* FirstWeek */;
			productType = "com.apple.product-type.tool";
		};
		AE529D4423C5A95200BF02F4 /* functionTest */ = {
			isa = PBXNativeTarget;
			buildConfigurationList = AE529D4A23C5A95200BF02F4 /* Build configuration list for PBXNativeTarget "functionTest" */;
			buildPhases = (
				AE529D4123C5A95200BF02F4 /* Sources */,
				AE529D4223C5A95200BF02F4 /* Frameworks */,
				AE529D4323C5A95200BF02F4 /* Resources */,
			);
			buildRules = (
			);
			dependencies = (
			);
			name = functionTest;
			productName = functionTest;
			productReference = AE529D4523C5A95200BF02F4 /* functionTest.xctest */;
			productType = "com.apple.product-type.bundle.unit-test";
		};
/* End PBXNativeTarget section */

/* Begin PBXProject section */
		AE529D2F23C5A91600BF02F4 /* Project object */ = {
			isa = PBXProject;
			attributes = {
				LastSwiftUpdateCheck = 1130;
				LastUpgradeCheck = 1130;
				ORGANIZATIONNAME = Cloud;
				TargetAttributes = {
					AE529D3623C5A91600BF02F4 = {
						CreatedOnToolsVersion = 11.3;
					};
					AE529D4423C5A95200BF02F4 = {
						CreatedOnToolsVersion = 11.3;
					};
				};
			};
			buildConfigurationList = AE529D3223C5A91600BF02F4 /* Build configuration list for PBXProject "FirstWeek" */;
			compatibilityVersion = "Xcode 9.3";
			developmentRegion = en;
			hasScannedForEncodings = 0;
			knownRegions = (
				en,
				Base,
			);
			mainGroup = AE529D2E23C5A91600BF02F4;
			productRefGroup = AE529D3823C5A91600BF02F4 /* Products */;
			projectDirPath = "";
			projectRoot = "";
			targets = (
				AE529D3623C5A91600BF02F4 /* FirstWeek */,
				AE529D4423C5A95200BF02F4 /* functionTest */,
			);
		};
/* End PBXProject section */

/* Begin PBXResourcesBuildPhase section */
		AE529D4323C5A95200BF02F4 /* Resources */ = {
			isa = PBXResourcesBuildPhase;
			buildActionMask = 2147483647;
			files = (
				AE529D4D23C5A96400BF02F4 /* Info.plist in Resources */,
			);
			runOnlyForDeploymentPostprocessing = 0;
		};
/* End PBXResourcesBuildPhase section */

/* Begin PBXSourcesBuildPhase section */
		AE529D3323C5A91600BF02F4 /* Sources */ = {
			isa = PBXSourcesBuildPhase;
			buildActionMask = 2147483647;
			files = (
				AE529D3B23C5A91600BF02F4 /* main.swift in Sources */,
			);
			runOnlyForDeploymentPostprocessing = 0;
		};
		AE529D4123C5A95200BF02F4 /* Sources */ = {
			isa = PBXSourcesBuildPhase;
			buildActionMask = 2147483647;
			files = (
				AE529D4823C5A95200BF02F4 /* functionTest.swift in Sources */,
			);
			runOnlyForDeploymentPostprocessing = 0;
		};
/* End PBXSourcesBuildPhase section */

/* Begin XCBuildConfiguration section */
		AE529D3C23C5A91600BF02F4 /* Debug */ = {
			isa = XCBuildConfiguration;
			buildSettings = {
				ALWAYS_SEARCH_USER_PATHS = NO;
				CLANG_ANALYZER_NONNULL = YES;
				CLANG_ANALYZER_NUMBER_OBJECT_CONVERSION = YES_AGGRESSIVE;
				CLANG_CXX_LANGUAGE_STANDARD = "gnu++14";
				CLANG_CXX_LIBRARY = "libc++";
				CLANG_ENABLE_MODULES = YES;
				CLANG_ENABLE_OBJC_ARC = YES;
				CLANG_ENABLE_OBJC_WEAK = YES;
				CLANG_WARN_BLOCK_CAPTURE_AUTORELEASING = YES;
				CLANG_WARN_BOOL_CONVERSION = YES;
				CLANG_WARN_COMMA = YES;
				CLANG_WARN_CONSTANT_CONVERSION = YES;
				CLANG_WARN_DEPRECATED_OBJC_IMPLEMENTATIONS = YES;
				CLANG_WARN_DIRECT_OBJC_ISA_USAGE = YES_ERROR;
				CLANG_WARN_DOCUMENTATION_COMMENTS = YES;
				CLANG_WARN_EMPTY_BODY = YES;
				CLANG_WARN_ENUM_CONVERSION = YES;
				CLANG_WARN_INFINITE_RECURSION = YES;
				CLANG_WARN_INT_CONVERSION = YES;
				CLANG_WARN_NON_LITERAL_NULL_CONVERSION = YES;
				CLANG_WARN_OBJC_IMPLICIT_RETAIN_SELF = YES;
				CLANG_WARN_OBJC_LITERAL_CONVERSION = YES;
				CLANG_WARN_OBJC_ROOT_CLASS = YES_ERROR;
				CLANG_WARN_RANGE_LOOP_ANALYSIS = YES;
				CLANG_WARN_STRICT_PROTOTYPES = YES;
				CLANG_WARN_SUSPICIOUS_MOVE = YES;
				CLANG_WARN_UNGUARDED_AVAILABILITY = YES_AGGRESSIVE;
				CLANG_WARN_UNREACHABLE_CODE = YES;
				CLANG_WARN__DUPLICATE_METHOD_MATCH = YES;
				COPY_PHASE_STRIP = NO;
				DEBUG_INFORMATION_FORMAT = dwarf;
				ENABLE_STRICT_OBJC_MSGSEND = YES;
				ENABLE_TESTABILITY = YES;
				GCC_C_LANGUAGE_STANDARD = gnu11;
				GCC_DYNAMIC_NO_PIC = NO;
				GCC_NO_COMMON_BLOCKS = YES;
				GCC_OPTIMIZATION_LEVEL = 0;
				GCC_PREPROCESSOR_DEFINITIONS = (
					"DEBUG=1",
					"$(inherited)",
				);
				GCC_WARN_64_TO_32_BIT_CONVERSION = YES;
				GCC_WARN_ABOUT_RETURN_TYPE = YES_ERROR;
				GCC_WARN_UNDECLARED_SELECTOR = YES;
				GCC_WARN_UNINITIALIZED_AUTOS = YES_AGGRESSIVE;
				GCC_WARN_UNUSED_FUNCTION = YES;
				GCC_WARN_UNUSED_VARIABLE = YES;
				MACOSX_DEPLOYMENT_TARGET = 10.15;
				MTL_ENABLE_DEBUG_INFO = INCLUDE_SOURCE;
				MTL_FAST_MATH = YES;
				ONLY_ACTIVE_ARCH = YES;
				SDKROOT = macosx;
				SWIFT_ACTIVE_COMPILATION_CONDITIONS = DEBUG;
				SWIFT_OPTIMIZATION_LEVEL = "-Onone";
			};
			name = Debug;
		};
		AE529D3D23C5A91600BF02F4 /* Release */ = {
			isa = XCBuildConfiguration;
			buildSettings = {
				ALWAYS_SEARCH_USER_PATHS = NO;
				CLANG_ANALYZER_NONNULL = YES;
				CLANG_ANALYZER_NUMBER_OBJECT_CONVERSION = YES_AGGRESSIVE;
				CLANG_CXX_LANGUAGE_STANDARD = "gnu++14";
				CLANG_CXX_LIBRARY = "libc++";
				CLANG_ENABLE_MODULES = YES;
				CLANG_ENABLE_OBJC_ARC = YES;
				CLANG_ENABLE_OBJC_WEAK = YES;
				CLANG_WARN_BLOCK_CAPTURE_AUTORELEASING = YES;
				CLANG_WARN_BOOL_CONVERSION = YES;
				CLANG_WARN_COMMA = YES;
				CLANG_WARN_CONSTANT_CONVERSION = YES;
				CLANG_WARN_DEPRECATED_OBJC_IMPLEMENTATIONS = YES;
				CLANG_WARN_DIRECT_OBJC_ISA_USAGE = YES_ERROR;
				CLANG_WARN_DOCUMENTATION_COMMENTS = YES;
				CLANG_WARN_EMPTY_BODY = YES;
				CLANG_WARN_ENUM_CONVERSION = YES;
				CLANG_WARN_INFINITE_RECURSION = YES;
				CLANG_WARN_INT_CONVERSION = YES;
				CLANG_WARN_NON_LITERAL_NULL_CONVERSION = YES;
				CLANG_WARN_OBJC_IMPLICIT_RETAIN_SELF = YES;
				CLANG_WARN_OBJC_LITERAL_CONVERSION = YES;
				CLANG_WARN_OBJC_ROOT_CLASS = YES_ERROR;
				CLANG_WARN_RANGE_LOOP_ANALYSIS = YES;
				CLANG_WARN_STRICT_PROTOTYPES = YES;
				CLANG_WARN_SUSPICIOUS_MOVE = YES;
				CLANG_WARN_UNGUARDED_AVAILABILITY = YES_AGGRESSIVE;
				CLANG_WARN_UNREACHABLE_CODE = YES;
				CLANG_WARN__DUPLICATE_METHOD_MATCH = YES;
				COPY_PHASE_STRIP = NO;
				DEBUG_INFORMATION_FORMAT = "dwarf-with-dsym";
				ENABLE_NS_ASSERTIONS = NO;
				ENABLE_STRICT_OBJC_MSGSEND = YES;
				GCC_C_LANGUAGE_STANDARD = gnu11;
				GCC_NO_COMMON_BLOCKS = YES;
				GCC_WARN_64_TO_32_BIT_CONVERSION = YES;
				GCC_WARN_ABOUT_RETURN_TYPE = YES_ERROR;
				GCC_WARN_UNDECLARED_SELECTOR = YES;
				GCC_WARN_UNINITIALIZED_AUTOS = YES_AGGRESSIVE;
				GCC_WARN_UNUSED_FUNCTION = YES;
				GCC_WARN_UNUSED_VARIABLE = YES;
				MACOSX_DEPLOYMENT_TARGET = 10.15;
				MTL_ENABLE_DEBUG_INFO = NO;
				MTL_FAST_MATH = YES;
				SDKROOT = macosx;
				SWIFT_COMPILATION_MODE = wholemodule;
				SWIFT_OPTIMIZATION_LEVEL = "-O";
			};
			name = Release;
		};
		AE529D3F23C5A91600BF02F4 /* Debug */ = {
			isa = XCBuildConfiguration;
			buildSettings = {
				CODE_SIGN_STYLE = Automatic;
				DEVELOPMENT_TEAM = 6HG325P9V2;
				ENABLE_HARDENED_RUNTIME = YES;
				PRODUCT_NAME = "$(TARGET_NAME)";
				SWIFT_VERSION = 5.0;
			};
			name = Debug;
		};
		AE529D4023C5A91600BF02F4 /* Release */ = {
			isa = XCBuildConfiguration;
			buildSettings = {
				CODE_SIGN_STYLE = Automatic;
				DEVELOPMENT_TEAM = 6HG325P9V2;
				ENABLE_HARDENED_RUNTIME = YES;
				PRODUCT_NAME = "$(TARGET_NAME)";
				SWIFT_VERSION = 5.0;
			};
			name = Release;
		};
		AE529D4B23C5A95200BF02F4 /* Debug */ = {
			isa = XCBuildConfiguration;
			buildSettings = {
				CODE_SIGN_STYLE = Automatic;
				COMBINE_HIDPI_IMAGES = YES;
				DEVELOPMENT_TEAM = 6HG325P9V2;
				INFOPLIST_FILE = functionTest/Info.plist;
				LD_RUNPATH_SEARCH_PATHS = (
					"$(inherited)",
					"@executable_path/../Frameworks",
					"@loader_path/../Frameworks",
				);
				PRODUCT_BUNDLE_IDENTIFIER = cLoud.functionTest;
				PRODUCT_NAME = "$(TARGET_NAME)";
				SWIFT_VERSION = 5.0;
			};
			name = Debug;
		};
		AE529D4C23C5A95200BF02F4 /* Release */ = {
			isa = XCBuildConfiguration;
			buildSettings = {
				CODE_SIGN_STYLE = Automatic;
				COMBINE_HIDPI_IMAGES = YES;
				DEVELOPMENT_TEAM = 6HG325P9V2;
				INFOPLIST_FILE = functionTest/Info.plist;
				LD_RUNPATH_SEARCH_PATHS = (
					"$(inherited)",
					"@executable_path/../Frameworks",
					"@loader_path/../Frameworks",
				);
				PRODUCT_BUNDLE_IDENTIFIER = cLoud.functionTest;
				PRODUCT_NAME = "$(TARGET_NAME)";
				SWIFT_VERSION = 5.0;
			};
			name = Release;
		};
/* End XCBuildConfiguration section */

/* Begin XCConfigurationList section */
		AE529D3223C5A91600BF02F4 /* Build configuration list for PBXProject "FirstWeek" */ = {
			isa = XCConfigurationList;
			buildConfigurations = (
				AE529D3C23C5A91600BF02F4 /* Debug */,
				AE529D3D23C5A91600BF02F4 /* Release */,
			);
			defaultConfigurationIsVisible = 0;
			defaultConfigurationName = Release;
		};
		AE529D3E23C5A91600BF02F4 /* Build configuration list for PBXNativeTarget "FirstWeek" */ = {
			isa = XCConfigurationList;
			buildConfigurations = (
				AE529D3F23C5A91600BF02F4 /* Debug */,
				AE529D4023C5A91600BF02F4 /* Release */,
			);
			defaultConfigurationIsVisible = 0;
			defaultConfigurationName = Release;
		};
		AE529D4A23C5A95200BF02F4 /* Build configuration list for PBXNativeTarget "functionTest" */ = {
			isa = XCConfigurationList;
			buildConfigurations = (
				AE529D4B23C5A95200BF02F4 /* Debug */,
				AE529D4C23C5A95200BF02F4 /* Release */,
			);
			defaultConfigurationIsVisible = 0;
			defaultConfigurationName = Release;
		};
/* End XCConfigurationList section */
	};
	rootObject = AE529D2F23C5A91600BF02F4 /* Project object */;
}
